
Microsoft Visual Studio Solution File, Format Version 12.00
# Visual Studio Version 17
VisualStudioVersion = 17.10.35013.160
MinimumVisualStudioVersion = 10.0.40219.1
Project("{9A19103F-16F7-4668-BE54-9A1E7A4F7556}") = "SharedModels", "SharedModels\SharedModels.csproj", "{889187BF-DD67-478B-B205-406B39467515}"
EndProject
Project("{9A19103F-16F7-4668-BE54-9A1E7A4F7556}") = "ProducerService", "Producer\ProducerService.csproj", "{0F7E3383-DA19-4903-B693-AFA5153402F1}"
EndProject
Project("{9A19103F-16F7-4668-BE54-9A1E7A4F7556}") = "ConsumerService", "ConsumerService\ConsumerService.csproj", "{92A5D8ED-8862-4C0D-BFBB-89A629710A00}"
EndProject
Global
	GlobalSection(SolutionConfigurationPlatforms) = preSolution
		Debug|Any CPU = Debug|Any CPU
		Release|Any CPU = Release|Any CPU
	EndGlobalSection
	GlobalSection(ProjectConfigurationPlatforms) = postSolution
		{889187BF-DD67-478B-B205-406B39467515}.Debug|Any CPU.ActiveCfg = Debug|Any CPU
		{889187BF-DD67-478B-B205-406B39467515}.Debug|Any CPU.Build.0 = Debug|Any CPU
		{889187BF-DD67-478B-B205-406B39467515}.Release|Any CPU.ActiveCfg = Release|Any CPU
		{889187BF-DD67-478B-B205-406B39467515}.Release|Any CPU.Build.0 = Release|Any CPU
		{0F7E3383-DA19-4903-B693-AFA5153402F1}.Debug|Any CPU.ActiveCfg = Debug|Any CPU
		{0F7E3383-DA19-4903-B693-AFA5153402F1}.Debug|Any CPU.Build.0 = Debug|Any CPU
		{0F7E3383-DA19-4903-B693-AFA5153402F1}.Release|Any CPU.ActiveCfg = Release|Any CPU
		{0F7E3383-DA19-4903-B693-AFA5153402F1}.Release|Any CPU.Build.0 = Release|Any CPU
		{92A5D8ED-8862-4C0D-BFBB-89A629710A00}.Debug|Any CPU.ActiveCfg = Debug|Any CPU
		{92A5D8ED-8862-4C0D-BFBB-89A629710A00}.Debug|Any CPU.Build.0 = Debug|Any CPU
		{92A5D8ED-8862-4C0D-BFBB-89A629710A00}.Release|Any CPU.ActiveCfg = Release|Any CPU
		{92A5D8ED-8862-4C0D-BFBB-89A629710A00}.Release|Any CPU.Build.0 = Release|Any CPU
	EndGlobalSection
	GlobalSection(SolutionProperties) = preSolution
		HideSolutionNode = FALSE
	EndGlobalSection
	GlobalSection(ExtensibilityGlobals) = postSolution
		SolutionGuid = {1A0D5DD5-881D-4F48-ABCA-8CA09AEC311A}
	EndGlobalSection
EndGlobal
